
Microsoft Visual Studio Solution File, Format Version 12.00
# Visual Studio Version 16
VisualStudioVersion = 16.0.29609.76
MinimumVisualStudioVersion = 10.0.40219.1
Project("{8BC9CEB8-8B4A-11D0-8D11-00A0C91BC942}") = "贪吃蛇", "贪吃蛇\贪吃蛇.vcxproj", "{FA3D9E35-4B4D-44B7-897E-5AAD190D7C17}"
EndProject
Project("{54435603-DBB4-11D2-8724-00A0C9A8B90C}") = "Setup1", "Setup1\Setup1.vdproj", "{B3C4BC62-EC0F-4687-9EF8-828584F2A85E}"
EndProject
Global
	GlobalSection(SolutionConfigurationPlatforms) = preSolution
		Debug|x64 = Debug|x64
		Debug|x86 = Debug|x86
		Release|x64 = Release|x64
		Release|x86 = Release|x86
	EndGlobalSection
	GlobalSection(ProjectConfigurationPlatforms) = postSolution
		{FA3D9E35-4B4D-44B7-897E-5AAD190D7C17}.Debug|x64.ActiveCfg = Debug|x64
		{FA3D9E35-4B4D-44B7-897E-5AAD190D7C17}.Debug|x64.Build.0 = Debug|x64
		{FA3D9E35-4B4D-44B7-897E-5AAD190D7C17}.Debug|x86.ActiveCfg = Debug|Win32
		{FA3D9E35-4B4D-44B7-897E-5AAD190D7C17}.Debug|x86.Build.0 = Debug|Win32
		{FA3D9E35-4B4D-44B7-897E-5AAD190D7C17}.Release|x64.ActiveCfg = Release|x64
		{FA3D9E35-4B4D-44B7-897E-5AAD190D7C17}.Release|x64.Build.0 = Release|x64
		{FA3D9E35-4B4D-44B7-897E-5AAD190D7C17}.Release|x86.ActiveCfg = Release|Win32
		{FA3D9E35-4B4D-44B7-897E-5AAD190D7C17}.Release|x86.Build.0 = Release|Win32
		{B3C4BC62-EC0F-4687-9EF8-828584F2A85E}.Debug|x64.ActiveCfg = Debug
		{B3C4BC62-EC0F-4687-9EF8-828584F2A85E}.Debug|x64.Build.0 = Debug
		{B3C4BC62-EC0F-4687-9EF8-828584F2A85E}.Debug|x86.ActiveCfg = Debug
		{B3C4BC62-EC0F-4687-9EF8-828584F2A85E}.Release|x64.ActiveCfg = Release
		{B3C4BC62-EC0F-4687-9EF8-828584F2A85E}.Release|x86.ActiveCfg = Release
	EndGlobalSection
	GlobalSection(SolutionProperties) = preSolution
		HideSolutionNode = FALSE
	EndGlobalSection
	GlobalSection(ExtensibilityGlobals) = postSolution
		SolutionGuid = {BCE2D71A-F968-4E6E-8E32-FA860188FFF1}
	EndGlobalSection
EndGlobal
